// !$*UTF8*$!
{
	archiveVersion = 1;
	classes = {
	};
	objectVersion = 46;
	objects = {

/* Begin PBXBuildFile section */
		27C4F56031A786470ADC746F /* Pods_ImagePickerAssignment.framework in Frameworks */ = {isa = PBXBuildFile; fileRef = 42AD6B6B1A232D452F965275 /* Pods_ImagePickerAssignment.framework */; };
		850641591E3082CD00CCBBAE /* AppDelegate.swift in Sources */ = {isa = PBXBuildFile; fileRef = 850641581E3082CD00CCBBAE /* AppDelegate.swift */; };
		8506415B1E3082CD00CCBBAE /* ViewController.swift in Sources */ = {isa = PBXBuildFile; fileRef = 8506415A1E3082CD00CCBBAE /* ViewController.swift */; };
		8506415E1E3082CD00CCBBAE /* Main.storyboard in Resources */ = {isa = PBXBuildFile; fileRef = 8506415C1E3082CD00CCBBAE /* Main.storyboard */; };
		850641601E3082CD00CCBBAE /* Assets.xcassets in Resources */ = {isa = PBXBuildFile; fileRef = 8506415F1E3082CD00CCBBAE /* Assets.xcassets */; };
		850641631E3082CD00CCBBAE /* LaunchScreen.storyboard in Resources */ = {isa = PBXBuildFile; fileRef = 850641611E3082CD00CCBBAE /* LaunchScreen.storyboard */; };
/* End PBXBuildFile section */

/* Begin PBXFileReference section */
		42AD6B6B1A232D452F965275 /* Pods_ImagePickerAssignment.framework */ = {isa = PBXFileReference; explicitFileType = wrapper.framework; includeInIndex = 0; path = Pods_ImagePickerAssignment.framework; sourceTree = BUILT_PRODUCTS_DIR; };
		7096C12CA66A98823DF9819F /* Pods-ImagePickerAssignment.release.xcconfig */ = {isa = PBXFileReference; includeInIndex = 1; lastKnownFileType = text.xcconfig; name = "Pods-ImagePickerAssignment.release.xcconfig"; path = "Pods/Target Support Files/Pods-ImagePickerAssignment/Pods-ImagePickerAssignment.release.xcconfig"; sourceTree = "<group>"; };
		850641551E3082CD00CCBBAE /* ImagePickerAssignment.app */ = {isa = PBXFileReference; explicitFileType = wrapper.application; includeInIndex = 0; path = ImagePickerAssignment.app; sourceTree = BUILT_PRODUCTS_DIR; };
		850641581E3082CD00CCBBAE /* AppDelegate.swift */ = {isa = PBXFileReference; lastKnownFileType = sourcecode.swift; path = AppDelegate.swift; sourceTree = "<group>"; };
		8506415A1E3082CD00CCBBAE /* ViewController.swift */ = {isa = PBXFileReference; lastKnownFileType = sourcecode.swift; path = ViewController.swift; sourceTree = "<group>"; };
		8506415D1E3082CD00CCBBAE /* Base */ = {isa = PBXFileReference; lastKnownFileType = file.storyboard; name = Base; path = Base.lproj/Main.storyboard; sourceTree = "<group>"; };
		8506415F1E3082CD00CCBBAE /* Assets.xcassets */ = {isa = PBXFileReference; lastKnownFileType = folder.assetcatalog; path = Assets.xcassets; sourceTree = "<group>"; };
		850641621E3082CD00CCBBAE /* Base */ = {isa = PBXFileReference; lastKnownFileType = file.storyboard; name = Base; path = Base.lproj/LaunchScreen.storyboard; sourceTree = "<group>"; };
		850641641E3082CD00CCBBAE /* Info.plist */ = {isa = PBXFileReference; lastKnownFileType = text.plist.xml; path = Info.plist; sourceTree = "<group>"; };
		BC82D95E70DCB5F5CA8152BC /* Pods-ImagePickerAssignment.debug.xcconfig */ = {isa = PBXFileReference; includeInIndex = 1; lastKnownFileType = text.xcconfig; name = "Pods-ImagePickerAssignment.debug.xcconfig"; path = "Pods/Target Support Files/Pods-ImagePickerAssignment/Pods-ImagePickerAssignment.debug.xcconfig"; sourceTree = "<group>"; };
/* End PBXFileReference section */

/* Begin PBXFrameworksBuildPhase section */
		850641521E3082CD00CCBBAE /* Frameworks */ = {
			isa = PBXFrameworksBuildPhase;
			buildActionMask = 2147483647;
			files = (
				27C4F56031A786470ADC746F /* Pods_ImagePickerAssignment.framework in Frameworks */,
			);
			runOnlyForDeploymentPostprocessing = 0;
		};
/* End PBXFrameworksBuildPhase section */

/* Begin PBXGroup section */
		4B134944A64E9D1E53B0CFF2 /* Frameworks */ = {
			isa = PBXGroup;
			children = (
				42AD6B6B1A232D452F965275 /* Pods_ImagePickerAssignment.framework */,
			);
			name = Frameworks;
			sourceTree = "<group>";
		};
		5EFEE0BB3FDB1ABC2CF6DF8E /* Pods */ = {
			isa = PBXGroup;
			children = (
				BC82D95E70DCB5F5CA8152BC /* Pods-ImagePickerAssignment.debug.xcconfig */,
				7096C12CA66A98823DF9819F /* Pods-ImagePickerAssignment.release.xcconfig */,
			);
			name = Pods;
			sourceTree = "<group>";
		};
		8506414C1E3082CD00CCBBAE = {
			isa = PBXGroup;
			children = (
				850641571E3082CD00CCBBAE /* ImagePickerAssignment */,
				850641561E3082CD00CCBBAE /* Products */,
				5EFEE0BB3FDB1ABC2CF6DF8E /* Pods */,
				4B134944A64E9D1E53B0CFF2 /* Frameworks */,
			);
			sourceTree = "<group>";
		};
		850641561E3082CD00CCBBAE /* Products */ = {
			isa = PBXGroup;
			children = (
				850641551E3082CD00CCBBAE /* ImagePickerAssignment.app */,
			);
			name = Products;
			sourceTree = "<group>";
		};
		850641571E3082CD00CCBBAE /* ImagePickerAssignment */ = {
			isa = PBXGroup;
			children = (
				850641581E3082CD00CCBBAE /* AppDelegate.swift */,
				8506415A1E3082CD00CCBBAE /* ViewController.swift */,
				8506415C1E3082CD00CCBBAE /* Main.storyboard */,
				8506415F1E3082CD00CCBBAE /* Assets.xcassets */,
				850641611E3082CD00CCBBAE /* LaunchScreen.storyboard */,
				850641641E3082CD00CCBBAE /* Info.plist */,
			);
			path = ImagePickerAssignment;
			sourceTree = "<group>";
		};
/* End PBXGroup section */

/* Begin PBXNativeTarget section */
		850641541E3082CD00CCBBAE /* ImagePickerAssignment */ = {
			isa = PBXNativeTarget;
			buildConfigurationList = 850641671E3082CD00CCBBAE /* Build configuration list for PBXNativeTarget "ImagePickerAssignment" */;
			buildPhases = (
				91075D3A96A3C7071DB02947 /* [CP] Check Pods Manifest.lock */,
				850641511E3082CD00CCBBAE /* Sources */,
				850641521E3082CD00CCBBAE /* Frameworks */,
				850641531E3082CD00CCBBAE /* Resources */,
				83EF4EF6F21BC9BF215A2157 /* [CP] Embed Pods Frameworks */,
				175ADE1FD5D80C0D1AE97400 /* [CP] Copy Pods Resources */,
			);
			buildRules = (
			);
			dependencies = (
			);
			name = ImagePickerAssignment;
			productName = ImagePickerAssignment;
			productReference = 850641551E3082CD00CCBBAE /* ImagePickerAssignment.app */;
			productType = "com.apple.product-type.application";
		};
/* End PBXNativeTarget section */

/* Begin PBXProject section */
		8506414D1E3082CD00CCBBAE /* Project object */ = {
			isa = PBXProject;
			attributes = {
				LastSwiftUpdateCheck = 0820;
				LastUpgradeCheck = 0820;
				ORGANIZATIONNAME = LimJaemin;
				TargetAttributes = {
					850641541E3082CD00CCBBAE = {
						CreatedOnToolsVersion = 8.2.1;
						DevelopmentTeam = KVFUA328CJ;
						ProvisioningStyle = Automatic;
					};
				};
			};
			buildConfigurationList = 850641501E3082CD00CCBBAE /* Build configuration list for PBXProject "ImagePickerAssignment" */;
			compatibilityVersion = "Xcode 3.2";
			developmentRegion = English;
			hasScannedForEncodings = 0;
			knownRegions = (
				en,
				Base,
			);
			mainGroup = 8506414C1E3082CD00CCBBAE;
			productRefGroup = 850641561E3082CD00CCBBAE /* Products */;
			projectDirPath = "";
			projectRoot = "";
			targets = (
				850641541E3082CD00CCBBAE /* ImagePickerAssignment */,
			);
		};
/* End PBXProject section */

/* Begin PBXResourcesBuildPhase section */
		850641531E3082CD00CCBBAE /* Resources */ = {
			isa = PBXResourcesBuildPhase;
			buildActionMask = 2147483647;
			files = (
				850641631E3082CD00CCBBAE /* LaunchScreen.storyboard in Resources */,
				850641601E3082CD00CCBBAE /* Assets.xcassets in Resources */,
				8506415E1E3082CD00CCBBAE /* Main.storyboard in Resources */,
			);
			runOnlyForDeploymentPostprocessing = 0;
		};
/* End PBXResourcesBuildPhase section */

/* Begin PBXShellScriptBuildPhase section */
		175ADE1FD5D80C0D1AE97400 /* [CP] Copy Pods Resources */ = {
			isa = PBXShellScriptBuildPhase;
			buildActionMask = 2147483647;
			files = (
			);
			inputPaths = (
			);
			name = "[CP] Copy Pods Resources";
			outputPaths = (
			);
			runOnlyForDeploymentPostprocessing = 0;
			shellPath = /bin/sh;
			shellScript = "\"${SRCROOT}/Pods/Target Support Files/Pods-ImagePickerAssignment/Pods-ImagePickerAssignment-resources.sh\"\n";
			showEnvVarsInLog = 0;
		};
		83EF4EF6F21BC9BF215A2157 /* [CP] Embed Pods Frameworks */ = {
			isa = PBXShellScriptBuildPhase;
			buildActionMask = 2147483647;
			files = (
			);
			inputPaths = (
			);
			name = "[CP] Embed Pods Frameworks";
			outputPaths = (
			);
			runOnlyForDeploymentPostprocessing = 0;
			shellPath = /bin/sh;
			shellScript = "\"${SRCROOT}/Pods/Target Support Files/Pods-ImagePickerAssignment/Pods-ImagePickerAssignment-frameworks.sh\"\n";
			showEnvVarsInLog = 0;
		};
		91075D3A96A3C7071DB02947 /* [CP] Check Pods Manifest.lock */ = {
			isa = PBXShellScriptBuildPhase;
			buildActionMask = 2147483647;
			files = (
			);
			inputPaths = (
			);
			name = "[CP] Check Pods Manifest.lock";
			outputPaths = (
			);
			runOnlyForDeploymentPostprocessing = 0;
			shellPath = /bin/sh;
			shellScript = "diff \"${PODS_ROOT}/../Podfile.lock\" \"${PODS_ROOT}/Manifest.lock\" > /dev/null\nif [ $? != 0 ] ; then\n    # print error to STDERR\n    echo \"error: The sandbox is not in sync with the Podfile.lock. Run 'pod install' or update your CocoaPods installation.\" >&2\n    exit 1\nfi\n";
			showEnvVarsInLog = 0;
		};
/* End PBXShellScriptBuildPhase section */

/* Begin PBXSourcesBuildPhase section */
		850641511E3082CD00CCBBAE /* Sources */ = {
			isa = PBXSourcesBuildPhase;
			buildActionMask = 2147483647;
			files = (
				8506415B1E3082CD00CCBBAE /* ViewController.swift in Sources */,
				850641591E3082CD00CCBBAE /* AppDelegate.swift in Sources */,
			);
			runOnlyForDeploymentPostprocessing = 0;
		};
/* End PBXSourcesBuildPhase section */

/* Begin PBXVariantGroup section */
		8506415C1E3082CD00CCBBAE /* Main.storyboard */ = {
			isa = PBXVariantGroup;
			children = (
				8506415D1E3082CD00CCBBAE /* Base */,
			);
			name = Main.storyboard;
			sourceTree = "<group>";
		};
		850641611E3082CD00CCBBAE /* LaunchScreen.storyboard */ = {
			isa = PBXVariantGroup;
			children = (
				850641621E3082CD00CCBBAE /* Base */,
			);
			name = LaunchScreen.storyboard;
			sourceTree = "<group>";
		};
/* End PBXVariantGroup section */

/* Begin XCBuildConfiguration section */
		850641651E3082CD00CCBBAE /* Debug */ = {
			isa = XCBuildConfiguration;
			buildSettings = {
				ALWAYS_SEARCH_USER_PATHS = NO;
				CLANG_ANALYZER_NONNULL = YES;
				CLANG_CXX_LANGUAGE_STANDARD = "gnu++0x";
				CLANG_CXX_LIBRARY = "libc++";
				CLANG_ENABLE_MODULES = YES;
				CLANG_ENABLE_OBJC_ARC = YES;
				CLANG_WARN_BOOL_CONVERSION = YES;
				CLANG_WARN_CONSTANT_CONVERSION = YES;
				CLANG_WARN_DIRECT_OBJC_ISA_USAGE = YES_ERROR;
				CLANG_WARN_DOCUMENTATION_COMMENTS = YES;
				CLANG_WARN_EMPTY_BODY = YES;
				CLANG_WARN_ENUM_CONVERSION = YES;
				CLANG_WARN_INFINITE_RECURSION = YES;
				CLANG_WARN_INT_CONVERSION = YES;
				CLANG_WARN_OBJC_ROOT_CLASS = YES_ERROR;
				CLANG_WARN_SUSPICIOUS_MOVE = YES;
				CLANG_WARN_UNREACHABLE_CODE = YES;
				CLANG_WARN__DUPLICATE_METHOD_MATCH = YES;
				"CODE_SIGN_IDENTITY[sdk=iphoneos*]" = "iPhone Developer";
				COPY_PHASE_STRIP = NO;
				DEBUG_INFORMATION_FORMAT = dwarf;
				ENABLE_STRICT_OBJC_MSGSEND = YES;
				ENABLE_TESTABILITY = YES;
				GCC_C_LANGUAGE_STANDARD = gnu99;
				GCC_DYNAMIC_NO_PIC = NO;
				GCC_NO_COMMON_BLOCKS = YES;
				GCC_OPTIMIZATION_LEVEL = 0;
				GCC_PREPROCESSOR_DEFINITIONS = (
					"DEBUG=1",
					"$(inherited)",
				);
				GCC_WARN_64_TO_32_BIT_CONVERSION = YES;
				GCC_WARN_ABOUT_RETURN_TYPE = YES_ERROR;
				GCC_WARN_UNDECLARED_SELECTOR = YES;
				GCC_WARN_UNINITIALIZED_AUTOS = YES_AGGRESSIVE;
				GCC_WARN_UNUSED_FUNCTION = YES;
				GCC_WARN_UNUSED_VARIABLE = YES;
				IPHONEOS_DEPLOYMENT_TARGET = 10.2;
				MTL_ENABLE_DEBUG_INFO = YES;
				ONLY_ACTIVE_ARCH = YES;
				SDKROOT = iphoneos;
				SWIFT_ACTIVE_COMPILATION_CONDITIONS = DEBUG;
				SWIFT_OPTIMIZATION_LEVEL = "-Onone";
			};
			name = Debug;
		};
		850641661E3082CD00CCBBAE /* Release */ = {
			isa = XCBuildConfiguration;
			buildSettings = {
				ALWAYS_SEARCH_USER_PATHS = NO;
				CLANG_ANALYZER_NONNULL = YES;
				CLANG_CXX_LANGUAGE_STANDARD = "gnu++0x";
				CLANG_CXX_LIBRARY = "libc++";
				CLANG_ENABLE_MODULES = YES;
				CLANG_ENABLE_OBJC_ARC = YES;
				CLANG_WARN_BOOL_CONVERSION = YES;
				CLANG_WARN_CONSTANT_CONVERSION = YES;
				CLANG_WARN_DIRECT_OBJC_ISA_USAGE = YES_ERROR;
				CLANG_WARN_DOCUMENTATION_COMMENTS = YES;
				CLANG_WARN_EMPTY_BODY = YES;
				CLANG_WARN_ENUM_CONVERSION = YES;
				CLANG_WARN_INFINITE_RECURSION = YES;
				CLANG_WARN_INT_CONVERSION = YES;
				CLANG_WARN_OBJC_ROOT_CLASS = YES_ERROR;
				CLANG_WARN_SUSPICIOUS_MOVE = YES;
				CLANG_WARN_UNREACHABLE_CODE = YES;
				CLANG_WARN__DUPLICATE_METHOD_MATCH = YES;
				"CODE_SIGN_IDENTITY[sdk=iphoneos*]" = "iPhone Developer";
				COPY_PHASE_STRIP = NO;
				DEBUG_INFORMATION_FORMAT = "dwarf-with-dsym";
				ENABLE_NS_ASSERTIONS = NO;
				ENABLE_STRICT_OBJC_MSGSEND = YES;
				GCC_C_LANGUAGE_STANDARD = gnu99;
				GCC_NO_COMMON_BLOCKS = YES;
				GCC_WARN_64_TO_32_BIT_CONVERSION = YES;
				GCC_WARN_ABOUT_RETURN_TYPE = YES_ERROR;
				GCC_WARN_UNDECLARED_SELECTOR = YES;
				GCC_WARN_UNINITIALIZED_AUTOS = YES_AGGRESSIVE;
				GCC_WARN_UNUSED_FUNCTION = YES;
				GCC_WARN_UNUSED_VARIABLE = YES;
				IPHONEOS_DEPLOYMENT_TARGET = 10.2;
				MTL_ENABLE_DEBUG_INFO = NO;
				SDKROOT = iphoneos;
				SWIFT_OPTIMIZATION_LEVEL = "-Owholemodule";
				VALIDATE_PRODUCT = YES;
			};
			name = Release;
		};
		850641681E3082CD00CCBBAE /* Debug */ = {
			isa = XCBuildConfiguration;
			baseConfigurationReference = BC82D95E70DCB5F5CA8152BC /* Pods-ImagePickerAssignment.debug.xcconfig */;
			buildSettings = {
				ASSETCATALOG_COMPILER_APPICON_NAME = AppIcon;
				DEVELOPMENT_TEAM = KVFUA328CJ;
				INFOPLIST_FILE = ImagePickerAssignment/Info.plist;
				LD_RUNPATH_SEARCH_PATHS = "$(inherited) @executable_path/Frameworks";
				PRODUCT_BUNDLE_IDENTIFIER = com.jaemin.ImagePickerAssignment;
				PRODUCT_NAME = "$(TARGET_NAME)";
				SWIFT_VERSION = 3.0;
			};
			name = Debug;
		};
		850641691E3082CD00CCBBAE /* Release */ = {
			isa = XCBuildConfiguration;
			baseConfigurationReference = 7096C12CA66A98823DF9819F /* Pods-ImagePickerAssignment.release.xcconfig */;
			buildSettings = {
				ASSETCATALOG_COMPILER_APPICON_NAME = AppIcon;
				DEVELOPMENT_TEAM = KVFUA328CJ;
				INFOPLIST_FILE = ImagePickerAssignment/Info.plist;
				LD_RUNPATH_SEARCH_PATHS = "$(inherited) @executable_path/Frameworks";
				PRODUCT_BUNDLE_IDENTIFIER = com.jaemin.ImagePickerAssignment;
				PRODUCT_NAME = "$(TARGET_NAME)";
				SWIFT_VERSION = 3.0;
			};
			name = Release;
		};
/* End XCBuildConfiguration section */

/* Begin XCConfigurationList section */
		850641501E3082CD00CCBBAE /* Build configuration list for PBXProject "ImagePickerAssignment" */ = {
			isa = XCConfigurationList;
			buildConfigurations = (
				850641651E3082CD00CCBBAE /* Debug */,
				850641661E3082CD00CCBBAE /* Release */,
			);
			defaultConfigurationIsVisible = 0;
			defaultConfigurationName = Release;
		};
		850641671E3082CD00CCBBAE /* Build configuration list for PBXNativeTarget "ImagePickerAssignment" */ = {
			isa = XCConfigurationList;
			buildConfigurations = (
				850641681E3082CD00CCBBAE /* Debug */,
				850641691E3082CD00CCBBAE /* Release */,
			);
			defaultConfigurationIsVisible = 0;
			defaultConfigurationName = Release;
		};
/* End XCConfigurationList section */
	};
	rootObject = 8506414D1E3082CD00CCBBAE /* Project object */;
}
