// !$*UTF8*$!
{
	archiveVersion = 1;
	classes = {
	};
	objectVersion = 46;
	objects = {

/* Begin PBXBuildFile section */
		854CBCF61E2DD9980033B3D7 /* AppDelegate.swift in Sources */ = {isa = PBXBuildFile; fileRef = 854CBCF51E2DD9980033B3D7 /* AppDelegate.swift */; };
		854CBCF81E2DD9980033B3D7 /* ViewController.swift in Sources */ = {isa = PBXBuildFile; fileRef = 854CBCF71E2DD9980033B3D7 /* ViewController.swift */; };
		854CBCFB1E2DD9980033B3D7 /* Main.storyboard in Resources */ = {isa = PBXBuildFile; fileRef = 854CBCF91E2DD9980033B3D7 /* Main.storyboard */; };
		854CBCFD1E2DD9980033B3D7 /* Assets.xcassets in Resources */ = {isa = PBXBuildFile; fileRef = 854CBCFC1E2DD9980033B3D7 /* Assets.xcassets */; };
		854CBD001E2DD9980033B3D7 /* LaunchScreen.storyboard in Resources */ = {isa = PBXBuildFile; fileRef = 854CBCFE1E2DD9980033B3D7 /* LaunchScreen.storyboard */; };
/* End PBXBuildFile section */

/* Begin PBXFileReference section */
		854CBCF21E2DD9980033B3D7 /* ColorMaker.app */ = {isa = PBXFileReference; explicitFileType = wrapper.application; includeInIndex = 0; path = ColorMaker.app; sourceTree = BUILT_PRODUCTS_DIR; };
		854CBCF51E2DD9980033B3D7 /* AppDelegate.swift */ = {isa = PBXFileReference; lastKnownFileType = sourcecode.swift; path = AppDelegate.swift; sourceTree = "<group>"; };
		854CBCF71E2DD9980033B3D7 /* ViewController.swift */ = {isa = PBXFileReference; lastKnownFileType = sourcecode.swift; path = ViewController.swift; sourceTree = "<group>"; };
		854CBCFA1E2DD9980033B3D7 /* Base */ = {isa = PBXFileReference; lastKnownFileType = file.storyboard; name = Base; path = Base.lproj/Main.storyboard; sourceTree = "<group>"; };
		854CBCFC1E2DD9980033B3D7 /* Assets.xcassets */ = {isa = PBXFileReference; lastKnownFileType = folder.assetcatalog; path = Assets.xcassets; sourceTree = "<group>"; };
		854CBCFF1E2DD9980033B3D7 /* Base */ = {isa = PBXFileReference; lastKnownFileType = file.storyboard; name = Base; path = Base.lproj/LaunchScreen.storyboard; sourceTree = "<group>"; };
		854CBD011E2DD9980033B3D7 /* Info.plist */ = {isa = PBXFileReference; lastKnownFileType = text.plist.xml; path = Info.plist; sourceTree = "<group>"; };
/* End PBXFileReference section */

/* Begin PBXFrameworksBuildPhase section */
		854CBCEF1E2DD9980033B3D7 /* Frameworks */ = {
			isa = PBXFrameworksBuildPhase;
			buildActionMask = 2147483647;
			files = (
			);
			runOnlyForDeploymentPostprocessing = 0;
		};
/* End PBXFrameworksBuildPhase section */

/* Begin PBXGroup section */
		854CBCE91E2DD9980033B3D7 = {
			isa = PBXGroup;
			children = (
				854CBCF41E2DD9980033B3D7 /* ColorMaker */,
				854CBCF31E2DD9980033B3D7 /* Products */,
			);
			sourceTree = "<group>";
		};
		854CBCF31E2DD9980033B3D7 /* Products */ = {
			isa = PBXGroup;
			children = (
				854CBCF21E2DD9980033B3D7 /* ColorMaker.app */,
			);
			name = Products;
			sourceTree = "<group>";
		};
		854CBCF41E2DD9980033B3D7 /* ColorMaker */ = {
			isa = PBXGroup;
			children = (
				854CBCF51E2DD9980033B3D7 /* AppDelegate.swift */,
				854CBCF71E2DD9980033B3D7 /* ViewController.swift */,
				854CBCF91E2DD9980033B3D7 /* Main.storyboard */,
				854CBCFC1E2DD9980033B3D7 /* Assets.xcassets */,
				854CBCFE1E2DD9980033B3D7 /* LaunchScreen.storyboard */,
				854CBD011E2DD9980033B3D7 /* Info.plist */,
			);
			path = ColorMaker;
			sourceTree = "<group>";
		};
/* End PBXGroup section */

/* Begin PBXNativeTarget section */
		854CBCF11E2DD9980033B3D7 /* ColorMaker */ = {
			isa = PBXNativeTarget;
			buildConfigurationList = 854CBD041E2DD9980033B3D7 /* Build configuration list for PBXNativeTarget "ColorMaker" */;
			buildPhases = (
				854CBCEE1E2DD9980033B3D7 /* Sources */,
				854CBCEF1E2DD9980033B3D7 /* Frameworks */,
				854CBCF01E2DD9980033B3D7 /* Resources */,
			);
			buildRules = (
			);
			dependencies = (
			);
			name = ColorMaker;
			productName = ColorMaker;
			productReference = 854CBCF21E2DD9980033B3D7 /* ColorMaker.app */;
			productType = "com.apple.product-type.application";
		};
/* End PBXNativeTarget section */

/* Begin PBXProject section */
		854CBCEA1E2DD9980033B3D7 /* Project object */ = {
			isa = PBXProject;
			attributes = {
				LastSwiftUpdateCheck = 0820;
				LastUpgradeCheck = 0820;
				ORGANIZATIONNAME = LimJaemin;
				TargetAttributes = {
					854CBCF11E2DD9980033B3D7 = {
						CreatedOnToolsVersion = 8.2.1;
						ProvisioningStyle = Automatic;
					};
				};
			};
			buildConfigurationList = 854CBCED1E2DD9980033B3D7 /* Build configuration list for PBXProject "ColorMaker" */;
			compatibilityVersion = "Xcode 3.2";
			developmentRegion = English;
			hasScannedForEncodings = 0;
			knownRegions = (
				en,
				Base,
			);
			mainGroup = 854CBCE91E2DD9980033B3D7;
			productRefGroup = 854CBCF31E2DD9980033B3D7 /* Products */;
			projectDirPath = "";
			projectRoot = "";
			targets = (
				854CBCF11E2DD9980033B3D7 /* ColorMaker */,
			);
		};
/* End PBXProject section */

/* Begin PBXResourcesBuildPhase section */
		854CBCF01E2DD9980033B3D7 /* Resources */ = {
			isa = PBXResourcesBuildPhase;
			buildActionMask = 2147483647;
			files = (
				854CBD001E2DD9980033B3D7 /* LaunchScreen.storyboard in Resources */,
				854CBCFD1E2DD9980033B3D7 /* Assets.xcassets in Resources */,
				854CBCFB1E2DD9980033B3D7 /* Main.storyboard in Resources */,
			);
			runOnlyForDeploymentPostprocessing = 0;
		};
/* End PBXResourcesBuildPhase section */

/* Begin PBXSourcesBuildPhase section */
		854CBCEE1E2DD9980033B3D7 /* Sources */ = {
			isa = PBXSourcesBuildPhase;
			buildActionMask = 2147483647;
			files = (
				854CBCF81E2DD9980033B3D7 /* ViewController.swift in Sources */,
				854CBCF61E2DD9980033B3D7 /* AppDelegate.swift in Sources */,
			);
			runOnlyForDeploymentPostprocessing = 0;
		};
/* End PBXSourcesBuildPhase section */

/* Begin PBXVariantGroup section */
		854CBCF91E2DD9980033B3D7 /* Main.storyboard */ = {
			isa = PBXVariantGroup;
			children = (
				854CBCFA1E2DD9980033B3D7 /* Base */,
			);
			name = Main.storyboard;
			sourceTree = "<group>";
		};
		854CBCFE1E2DD9980033B3D7 /* LaunchScreen.storyboard */ = {
			isa = PBXVariantGroup;
			children = (
				854CBCFF1E2DD9980033B3D7 /* Base */,
			);
			name = LaunchScreen.storyboard;
			sourceTree = "<group>";
		};
/* End PBXVariantGroup section */

/* Begin XCBuildConfiguration section */
		854CBD021E2DD9980033B3D7 /* Debug */ = {
			isa = XCBuildConfiguration;
			buildSettings = {
				ALWAYS_SEARCH_USER_PATHS = NO;
				CLANG_ANALYZER_NONNULL = YES;
				CLANG_CXX_LANGUAGE_STANDARD = "gnu++0x";
				CLANG_CXX_LIBRARY = "libc++";
				CLANG_ENABLE_MODULES = YES;
				CLANG_ENABLE_OBJC_ARC = YES;
				CLANG_WARN_BOOL_CONVERSION = YES;
				CLANG_WARN_CONSTANT_CONVERSION = YES;
				CLANG_WARN_DIRECT_OBJC_ISA_USAGE = YES_ERROR;
				CLANG_WARN_DOCUMENTATION_COMMENTS = YES;
				CLANG_WARN_EMPTY_BODY = YES;
				CLANG_WARN_ENUM_CONVERSION = YES;
				CLANG_WARN_INFINITE_RECURSION = YES;
				CLANG_WARN_INT_CONVERSION = YES;
				CLANG_WARN_OBJC_ROOT_CLASS = YES_ERROR;
				CLANG_WARN_SUSPICIOUS_MOVE = YES;
				CLANG_WARN_UNREACHABLE_CODE = YES;
				CLANG_WARN__DUPLICATE_METHOD_MATCH = YES;
				"CODE_SIGN_IDENTITY[sdk=iphoneos*]" = "iPhone Developer";
				COPY_PHASE_STRIP = NO;
				DEBUG_INFORMATION_FORMAT = dwarf;
				ENABLE_STRICT_OBJC_MSGSEND = YES;
				ENABLE_TESTABILITY = YES;
				GCC_C_LANGUAGE_STANDARD = gnu99;
				GCC_DYNAMIC_NO_PIC = NO;
				GCC_NO_COMMON_BLOCKS = YES;
				GCC_OPTIMIZATION_LEVEL = 0;
				GCC_PREPROCESSOR_DEFINITIONS = (
					"DEBUG=1",
					"$(inherited)",
				);
				GCC_WARN_64_TO_32_BIT_CONVERSION = YES;
				GCC_WARN_ABOUT_RETURN_TYPE = YES_ERROR;
				GCC_WARN_UNDECLARED_SELECTOR = YES;
				GCC_WARN_UNINITIALIZED_AUTOS = YES_AGGRESSIVE;
				GCC_WARN_UNUSED_FUNCTION = YES;
				GCC_WARN_UNUSED_VARIABLE = YES;
				IPHONEOS_DEPLOYMENT_TARGET = 10.2;
				MTL_ENABLE_DEBUG_INFO = YES;
				ONLY_ACTIVE_ARCH = YES;
				SDKROOT = iphoneos;
				SWIFT_ACTIVE_COMPILATION_CONDITIONS = DEBUG;
				SWIFT_OPTIMIZATION_LEVEL = "-Onone";
			};
			name = Debug;
		};
		854CBD031E2DD9980033B3D7 /* Release */ = {
			isa = XCBuildConfiguration;
			buildSettings = {
				ALWAYS_SEARCH_USER_PATHS = NO;
				CLANG_ANALYZER_NONNULL = YES;
				CLANG_CXX_LANGUAGE_STANDARD = "gnu++0x";
				CLANG_CXX_LIBRARY = "libc++";
				CLANG_ENABLE_MODULES = YES;
				CLANG_ENABLE_OBJC_ARC = YES;
				CLANG_WARN_BOOL_CONVERSION = YES;
				CLANG_WARN_CONSTANT_CONVERSION = YES;
				CLANG_WARN_DIRECT_OBJC_ISA_USAGE = YES_ERROR;
				CLANG_WARN_DOCUMENTATION_COMMENTS = YES;
				CLANG_WARN_EMPTY_BODY = YES;
				CLANG_WARN_ENUM_CONVERSION = YES;
				CLANG_WARN_INFINITE_RECURSION = YES;
				CLANG_WARN_INT_CONVERSION = YES;
				CLANG_WARN_OBJC_ROOT_CLASS = YES_ERROR;
				CLANG_WARN_SUSPICIOUS_MOVE = YES;
				CLANG_WARN_UNREACHABLE_CODE = YES;
				CLANG_WARN__DUPLICATE_METHOD_MATCH = YES;
				"CODE_SIGN_IDENTITY[sdk=iphoneos*]" = "iPhone Developer";
				COPY_PHASE_STRIP = NO;
				DEBUG_INFORMATION_FORMAT = "dwarf-with-dsym";
				ENABLE_NS_ASSERTIONS = NO;
				ENABLE_STRICT_OBJC_MSGSEND = YES;
				GCC_C_LANGUAGE_STANDARD = gnu99;
				GCC_NO_COMMON_BLOCKS = YES;
				GCC_WARN_64_TO_32_BIT_CONVERSION = YES;
				GCC_WARN_ABOUT_RETURN_TYPE = YES_ERROR;
				GCC_WARN_UNDECLARED_SELECTOR = YES;
				GCC_WARN_UNINITIALIZED_AUTOS = YES_AGGRESSIVE;
				GCC_WARN_UNUSED_FUNCTION = YES;
				GCC_WARN_UNUSED_VARIABLE = YES;
				IPHONEOS_DEPLOYMENT_TARGET = 10.2;
				MTL_ENABLE_DEBUG_INFO = NO;
				SDKROOT = iphoneos;
				SWIFT_OPTIMIZATION_LEVEL = "-Owholemodule";
				VALIDATE_PRODUCT = YES;
			};
			name = Release;
		};
		854CBD051E2DD9980033B3D7 /* Debug */ = {
			isa = XCBuildConfiguration;
			buildSettings = {
				ASSETCATALOG_COMPILER_APPICON_NAME = AppIcon;
				INFOPLIST_FILE = ColorMaker/Info.plist;
				LD_RUNPATH_SEARCH_PATHS = "$(inherited) @executable_path/Frameworks";
				PRODUCT_BUNDLE_IDENTIFIER = com.jaemin.ColorMaker;
				PRODUCT_NAME = "$(TARGET_NAME)";
				SWIFT_VERSION = 3.0;
			};
			name = Debug;
		};
		854CBD061E2DD9980033B3D7 /* Release */ = {
			isa = XCBuildConfiguration;
			buildSettings = {
				ASSETCATALOG_COMPILER_APPICON_NAME = AppIcon;
				INFOPLIST_FILE = ColorMaker/Info.plist;
				LD_RUNPATH_SEARCH_PATHS = "$(inherited) @executable_path/Frameworks";
				PRODUCT_BUNDLE_IDENTIFIER = com.jaemin.ColorMaker;
				PRODUCT_NAME = "$(TARGET_NAME)";
				SWIFT_VERSION = 3.0;
			};
			name = Release;
		};
/* End XCBuildConfiguration section */

/* Begin XCConfigurationList section */
		854CBCED1E2DD9980033B3D7 /* Build configuration list for PBXProject "ColorMaker" */ = {
			isa = XCConfigurationList;
			buildConfigurations = (
				854CBD021E2DD9980033B3D7 /* Debug */,
				854CBD031E2DD9980033B3D7 /* Release */,
			);
			defaultConfigurationIsVisible = 0;
			defaultConfigurationName = Release;
		};
		854CBD041E2DD9980033B3D7 /* Build configuration list for PBXNativeTarget "ColorMaker" */ = {
			isa = XCConfigurationList;
			buildConfigurations = (
				854CBD051E2DD9980033B3D7 /* Debug */,
				854CBD061E2DD9980033B3D7 /* Release */,
			);
			defaultConfigurationIsVisible = 0;
		};
/* End XCConfigurationList section */
	};
	rootObject = 854CBCEA1E2DD9980033B3D7 /* Project object */;
}
